<?xml version="1.0" encoding="utf-8"?>
<Project ToolsVersion="4.0" xmlns="http://schemas.microsoft.com/developer/msbuild/2003">
  <ItemGroup>
    <Filter Include="Source Files">
      <UniqueIdentifier>{4FC737F1-C7A5-4376-A066-2A32D752A2FF}</UniqueIdentifier>
      <Extensions>cpp;c;cc;cxx;def;odl;idl;hpj;bat;asm;asmx</Extensions>
    </Filter>
    <Filter Include="Header Files">
      <UniqueIdentifier>{93995380-89BD-4b04-88EB-625FBE52EBFB}</UniqueIdentifier>
      <Extensions>h;hpp;hxx;hm;inl;inc;xsd</Extensions>
    </Filter>
    <Filter Include="Resource Files">
      <UniqueIdentifier>{67DA6AB6-F800-4c08-8B7A-83BB121AAD01}</UniqueIdentifier>
      <Extensions>rc;ico;cur;bmp;dlg;rc2;rct;bin;rgs;gif;jpg;jpeg;jpe;resx;tiff;tif;png;wav;mfcribbon-ms</Extensions>
    </Filter>
    <Filter Include="Source Files\Shared">
      <UniqueIdentifier>{7eea2ff6-f160-4a79-8e01-778360300f61}</UniqueIdentifier>
    </Filter>
    <Filter Include="Source Files\CD3DFont">
      <UniqueIdentifier>{cb356a35-bb42-4266-b13c-473d86fd5418}</UniqueIdentifier>
    </Filter>
    <Filter Include="Header Files\CD3DFont">
      <UniqueIdentifier>{e77b31c8-2e69-4efd-937d-90f906775734}</UniqueIdentifier>
    </Filter>
  </ItemGroup>
  <ItemGroup>
    <ClCompile Include="main.cpp">
      <Filter>Source Files</Filter>
    </ClCompile>
    <ClCompile Include="CChat.cpp">
      <Filter>Source Files</Filter>
    </ClCompile>
    <ClCompile Include="CCore.cpp">
      <Filter>Source Files</Filter>
    </ClCompile>
    <ClCompile Include="CLocalPlayer.cpp">
      <Filter>Source Files</Filter>
    </ClCompile>
    <ClCompile Include="CNetwork.cpp">
      <Filter>Source Files</Filter>
    </ClCompile>
    <ClCompile Include="CGame.cpp">
      <Filter>Source Files</Filter>
    </ClCompile>
    <ClCompile Include="CGraphics.cpp">
      <Filter>Source Files</Filter>
    </ClCompile>
    <ClCompile Include="CEngineStack.cpp">
      <Filter>Source Files</Filter>
    </ClCompile>
    <ClCompile Include="CPedPool.cpp">
      <Filter>Source Files</Filter>
    </ClCompile>
    <ClCompile Include="CPed.cpp">
      <Filter>Source Files</Filter>
    </ClCompile>
    <ClCompile Include="CLog.cpp">
      <Filter>Source Files</Filter>
    </ClCompile>
    <ClCompile Include="CEntity.cpp">
      <Filter>Source Files</Filter>
    </ClCompile>
    <ClCompile Include="CVehicle.cpp">
      <Filter>Source Files</Filter>
    </ClCompile>
    <ClCompile Include="CVehiclePool.cpp">
      <Filter>Source Files</Filter>
    </ClCompile>
    <ClCompile Include="CHooks.cpp">
      <Filter>Source Files</Filter>
    </ClCompile>
    <ClCompile Include="CInterpolation.cpp">
      <Filter>Source Files</Filter>
    </ClCompile>
    <ClCompile Include="CCrashHandler.cpp">
      <Filter>Source Files</Filter>
    </ClCompile>
    <ClCompile Include="CKeyboard.cpp">
      <Filter>Source Files</Filter>
    </ClCompile>
    <ClCompile Include="CIngameMenu.cpp">
      <Filter>Source Files</Filter>
    </ClCompile>
    <ClCompile Include="CColoredText.cpp">
      <Filter>Source Files</Filter>
    </ClCompile>
    <ClCompile Include="CPickupPool.cpp">
      <Filter>Source Files</Filter>
    </ClCompile>
    <ClCompile Include="CPickup.cpp">
      <Filter>Source Files</Filter>
    </ClCompile>
    <ClCompile Include="..\sdks\cd3dfont\d3dfont.cpp">
      <Filter>Source Files\CD3DFont</Filter>
    </ClCompile>
    <ClCompile Include="..\sdks\cd3dfont\d3dutil.cpp">
      <Filter>Source Files\CD3DFont</Filter>
    </ClCompile>
    <ClCompile Include="..\sdks\cd3dfont\dxutil.cpp">
      <Filter>Source Files\CD3DFont</Filter>
    </ClCompile>
    <ClCompile Include="CFont.cpp">
      <Filter>Source Files</Filter>
    </ClCompile>
    <ClCompile Include="CFileTransfer.cpp">
      <Filter>Source Files</Filter>
    </ClCompile>
    <ClCompile Include="CNametags.cpp">
      <Filter>Source Files</Filter>
    </ClCompile>
    <ClCompile Include="AntiCheat.cpp">
      <Filter>Source Files</Filter>
    </ClCompile>
    <ClCompile Include="CSquirrel.cpp">
      <Filter>Source Files</Filter>
    </ClCompile>
    <ClCompile Include="CSQImages.cpp">
      <Filter>Source Files</Filter>
    </ClCompile>
    <ClCompile Include="CSQFonts.cpp">
      <Filter>Source Files</Filter>
    </ClCompile>
    <ClCompile Include="CGameSync.cpp">
      <Filter>Source Files</Filter>
    </ClCompile>
    <ClCompile Include="..\sdks\md5\md5lhmp.cpp">
      <Filter>Source Files</Filter>
    </ClCompile>
  </ItemGroup>
  <ItemGroup>
    <ClInclude Include="directx8hook.h">
      <Filter>Header Files</Filter>
    </ClInclude>
    <ClInclude Include="CChat.h">
      <Filter>Header Files</Filter>
    </ClInclude>
    <ClInclude Include="CCore.h">
      <Filter>Header Files</Filter>
    </ClInclude>
    <ClInclude Include="CLocalPlayer.h">
      <Filter>Header Files</Filter>
    </ClInclude>
    <ClInclude Include="CNetwork.h">
      <Filter>Header Files</Filter>
    </ClInclude>
    <ClInclude Include="CDirectInput8Proxy.h">
      <Filter>Header Files</Filter>
    </ClInclude>
    <ClInclude Include="CDirectInput8DeviceProxy.h">
      <Filter>Header Files</Filter>
    </ClInclude>
    <ClInclude Include="CGame.h">
      <Filter>Header Files</Filter>
    </ClInclude>
    <ClInclude Include="CDirect3DDevice8Proxy.h">
      <Filter>Header Files</Filter>
    </ClInclude>
    <ClInclude Include="CDirect3D8Proxy.h">
      <Filter>Header Files</Filter>
    </ClInclude>
    <ClInclude Include="CGraphics.h">
      <Filter>Header Files</Filter>
    </ClInclude>
    <ClInclude Include="CEngineStack.h">
      <Filter>Header Files</Filter>
    </ClInclude>
    <ClInclude Include="CPedPool.h">
      <Filter>Header Files</Filter>
    </ClInclude>
    <ClInclude Include="CPed.h">
      <Filter>Header Files</Filter>
    </ClInclude>
    <ClInclude Include="CLog.h">
      <Filter>Header Files</Filter>
    </ClInclude>
    <ClInclude Include="CEntity.h">
      <Filter>Header Files</Filter>
    </ClInclude>
    <ClInclude Include="CVehicle.h">
      <Filter>Header Files</Filter>
    </ClInclude>
    <ClInclude Include="CVehiclePool.h">
      <Filter>Header Files</Filter>
    </ClInclude>
    <ClInclude Include="CHooks.h">
      <Filter>Header Files</Filter>
    </ClInclude>
    <ClInclude Include="CInterpolation.h">
      <Filter>Header Files</Filter>
    </ClInclude>
    <ClInclude Include="CCrashHandler.h">
      <Filter>Header Files</Filter>
    </ClInclude>
    <ClInclude Include="CKeyboard.h">
      <Filter>Header Files</Filter>
    </ClInclude>
    <ClInclude Include="CIngameMenu.h">
      <Filter>Header Files</Filter>
    </ClInclude>
    <ClInclude Include="CColoredText.h">
      <Filter>Header Files</Filter>
    </ClInclude>
    <ClInclude Include="CFileTransfer.h">
      <Filter>Header Files</Filter>
    </ClInclude>
    <ClInclude Include="CPickup.h">
      <Filter>Header Files</Filter>
    </ClInclude>
    <ClInclude Include="CPool.h">
      <Filter>Header Files</Filter>
    </ClInclude>
    <ClInclude Include="CPickupPool.h">
      <Filter>Header Files</Filter>
    </ClInclude>
    <ClInclude Include="..\sdks\cd3dfont\d3dfont.h">
      <Filter>Header Files\CD3DFont</Filter>
    </ClInclude>
    <ClInclude Include="..\sdks\cd3dfont\d3dutil.h">
      <Filter>Header Files\CD3DFont</Filter>
    </ClInclude>
    <ClInclude Include="..\sdks\cd3dfont\dxutil.h">
      <Filter>Header Files\CD3DFont</Filter>
    </ClInclude>
    <ClInclude Include="CFont.h">
      <Filter>Header Files</Filter>
    </ClInclude>
    <ClInclude Include="CFileSystem.h">
      <Filter>Header Files</Filter>
    </ClInclude>
    <ClInclude Include="CNametags.h">
      <Filter>Header Files</Filter>
    </ClInclude>
    <ClInclude Include="AntiCheat.h">
      <Filter>Header Files</Filter>
    </ClInclude>
    <ClInclude Include="CSquirrel.h">
      <Filter>Header Files</Filter>
    </ClInclude>
    <ClInclude Include="CScripts.h">
      <Filter>Header Files</Filter>
    </ClInclude>
    <ClInclude Include="CSQImages.h">
      <Filter>Header Files</Filter>
    </ClInclude>
    <ClInclude Include="CSQFonts.h">
      <Filter>Header Files</Filter>
    </ClInclude>
    <ClInclude Include="..\sdks\md5\md5lhmp.h">
      <Filter>Header Files</Filter>
    </ClInclude>
  </ItemGroup>
</Project>