Microsoft Visual Studio Solution File, Format Version 12.00
# Visual Studio 15
VisualStudioVersion = 15.0.28010.2050
MinimumVisualStudioVersion = 10.0.40219.1
Project("{8BC9CEB8-8B4A-11D0-8D11-00A0C91BC942}") = "Server", "Server\Server.vcxproj", "{411AC1D4-3BA6-4193-9A6E-C9793B276501}"
EndProject
Project("{8BC9CEB8-8B4A-11D0-8D11-00A0C91BC942}") = "Client", "Client\Client.vcxproj", "{A4C046B2-67A6-4AC6-B319-45352C0E731A}"
EndProject
Project("{8BC9CEB8-8B4A-11D0-8D11-00A0C91BC942}") = "Loader", "Loader\Loader.vcxproj", "{93587070-828A-42CE-A002-CCCE305FC578}"
EndProject
Project("{FAE04EC0-301F-11D3-BF4B-00C04F79EFBC}") = "CrashHandler", "Others\CrashHandler\CrashHandler.csproj", "{437EA8E6-2E07-4FF4-A940-C3B5E86BAF8F}"
EndProject
Project("{8BC9CEB8-8B4A-11D0-8D11-00A0C91BC942}") = "MasterList", "MasterList\MasterList.vcxproj", "{2123038C-C8BC-4230-9AFE-7A917CD5D1AF}"
EndProject
Project("{2150E333-8FDC-42A3-9474-1A3956D46DE8}") = "Core", "Core", "{ED1D76E8-43E0-464C-8AC4-167E91DE0357}"
EndProject
Project("{2150E333-8FDC-42A3-9474-1A3956D46DE8}") = "Components", "Components", "{750AB4D8-72B3-4F3A-8201-317B021C3387}"
EndProject
Project("{2150E333-8FDC-42A3-9474-1A3956D46DE8}") = "Dependencies", "Dependencies", "{32E8DADB-8EC9-4B50-A8F1-FEE697BA5EC3}"
EndProject
Project("{2150E333-8FDC-42A3-9474-1A3956D46DE8}") = "CryptoPP", "CryptoPP", "{DF2519D4-6776-46E7-A7B4-7526C0C257E6}"
EndProject
Project("{8BC9CEB8-8B4A-11D0-8D11-00A0C91BC942}") = "CryptoPP", "sdks\CryptoPP\cryptlib.vcxproj", "{C39F4B46-6E89-4074-902E-CA57073044D2}"
EndProject
Project("{2150E333-8FDC-42A3-9474-1A3956D46DE8}") = "RakNet", "RakNet", "{6A0F1045-9A39-478E-A710-D9215B313092}"
EndProject
Project("{8BC9CEB8-8B4A-11D0-8D11-00A0C91BC942}") = "RakNet", "sdks\ezraknet\build\raknet.vcxproj", "{F6FD7178-2386-356D-A463-567AB8EFA899}"
EndProject
Project("{2150E333-8FDC-42A3-9474-1A3956D46DE8}") = "SQlite", "SQlite", "{7CE66269-F66D-4CAA-952B-7CC32CF8EB02}"
EndProject
Project("{FAE04EC0-301F-11D3-BF4B-00C04F79EFBC}") = "ServerBrowser", "browser-new\ServerBrowser.csproj", "{081BE9A5-099B-4515-82B7-F29A29E56099}"
EndProject
Global
	GlobalSection(SolutionConfigurationPlatforms) = preSolution
		Debug|Any CPU = Debug|Any CPU
		Debug|Mixed Platforms = Debug|Mixed Platforms
		Debug|Win32 = Debug|Win32
		Debug|x64 = Debug|x64
		DebugOwn|Any CPU = DebugOwn|Any CPU
		DebugOwn|Mixed Platforms = DebugOwn|Mixed Platforms
		DebugOwn|Win32 = DebugOwn|Win32
		DebugOwn|x64 = DebugOwn|x64
		DLL-Import Debug|Any CPU = DLL-Import Debug|Any CPU
		DLL-Import Debug|Mixed Platforms = DLL-Import Debug|Mixed Platforms
		DLL-Import Debug|Win32 = DLL-Import Debug|Win32
		DLL-Import Debug|x64 = DLL-Import Debug|x64
		DLL-Import Release|Any CPU = DLL-Import Release|Any CPU
		DLL-Import Release|Mixed Platforms = DLL-Import Release|Mixed Platforms
		DLL-Import Release|Win32 = DLL-Import Release|Win32
		DLL-Import Release|x64 = DLL-Import Release|x64
		MinSizeRel|Any CPU = MinSizeRel|Any CPU
		MinSizeRel|Mixed Platforms = MinSizeRel|Mixed Platforms
		MinSizeRel|Win32 = MinSizeRel|Win32
		MinSizeRel|x64 = MinSizeRel|x64
		Release|Any CPU = Release|Any CPU
		Release|Mixed Platforms = Release|Mixed Platforms
		Release|Win32 = Release|Win32
		Release|x64 = Release|x64
		RelWithDebInfo|Any CPU = RelWithDebInfo|Any CPU
		RelWithDebInfo|Mixed Platforms = RelWithDebInfo|Mixed Platforms
		RelWithDebInfo|Win32 = RelWithDebInfo|Win32
		RelWithDebInfo|x64 = RelWithDebInfo|x64
		Template|Any CPU = Template|Any CPU
		Template|Mixed Platforms = Template|Mixed Platforms
		Template|Win32 = Template|Win32
		Template|x64 = Template|x64
	EndGlobalSection
	GlobalSection(ProjectConfigurationPlatforms) = postSolution
		{411AC1D4-3BA6-4193-9A6E-C9793B276501}.Debug|Any CPU.ActiveCfg = Debug|Win32
		{411AC1D4-3BA6-4193-9A6E-C9793B276501}.Debug|Mixed Platforms.ActiveCfg = Debug|Win32
		{411AC1D4-3BA6-4193-9A6E-C9793B276501}.Debug|Mixed Platforms.Build.0 = Debug|Win32
		{411AC1D4-3BA6-4193-9A6E-C9793B276501}.Debug|Win32.ActiveCfg = Debug|Win32
		{411AC1D4-3BA6-4193-9A6E-C9793B276501}.Debug|Win32.Build.0 = Debug|Win32
		{411AC1D4-3BA6-4193-9A6E-C9793B276501}.Debug|x64.ActiveCfg = Debug|Win32
		{411AC1D4-3BA6-4193-9A6E-C9793B276501}.DebugOwn|Any CPU.ActiveCfg = DebugOwn|Win32
		{411AC1D4-3BA6-4193-9A6E-C9793B276501}.DebugOwn|Mixed Platforms.ActiveCfg = DebugOwn|Win32
		{411AC1D4-3BA6-4193-9A6E-C9793B276501}.DebugOwn|Mixed Platforms.Build.0 = DebugOwn|Win32
		{411AC1D4-3BA6-4193-9A6E-C9793B276501}.DebugOwn|Win32.ActiveCfg = DebugOwn|Win32
		{411AC1D4-3BA6-4193-9A6E-C9793B276501}.DebugOwn|Win32.Build.0 = DebugOwn|Win32
		{411AC1D4-3BA6-4193-9A6E-C9793B276501}.DebugOwn|x64.ActiveCfg = DebugOwn|Win32
		{411AC1D4-3BA6-4193-9A6E-C9793B276501}.DLL-Import Debug|Any CPU.ActiveCfg = Release|Win32
		{411AC1D4-3BA6-4193-9A6E-C9793B276501}.DLL-Import Debug|Any CPU.Build.0 = Release|Win32
		{411AC1D4-3BA6-4193-9A6E-C9793B276501}.DLL-Import Debug|Mixed Platforms.ActiveCfg = Debug|Win32
		{411AC1D4-3BA6-4193-9A6E-C9793B276501}.DLL-Import Debug|Mixed Platforms.Build.0 = Debug|Win32
		{411AC1D4-3BA6-4193-9A6E-C9793B276501}.DLL-Import Debug|Win32.ActiveCfg = Debug|Win32
		{411AC1D4-3BA6-4193-9A6E-C9793B276501}.DLL-Import Debug|Win32.Build.0 = Debug|Win32
		{411AC1D4-3BA6-4193-9A6E-C9793B276501}.DLL-Import Debug|x64.ActiveCfg = Release|Win32
		{411AC1D4-3BA6-4193-9A6E-C9793B276501}.DLL-Import Debug|x64.Build.0 = Release|Win32
		{411AC1D4-3BA6-4193-9A6E-C9793B276501}.DLL-Import Release|Any CPU.ActiveCfg = Release|Win32
		{411AC1D4-3BA6-4193-9A6E-C9793B276501}.DLL-Import Release|Any CPU.Build.0 = Release|Win32
		{411AC1D4-3BA6-4193-9A6E-C9793B276501}.DLL-Import Release|Mixed Platforms.ActiveCfg = Release|Win32
		{411AC1D4-3BA6-4193-9A6E-C9793B276501}.DLL-Import Release|Mixed Platforms.Build.0 = Release|Win32
		{411AC1D4-3BA6-4193-9A6E-C9793B276501}.DLL-Import Release|Win32.ActiveCfg = Release|Win32
		{411AC1D4-3BA6-4193-9A6E-C9793B276501}.DLL-Import Release|Win32.Build.0 = Release|Win32
		{411AC1D4-3BA6-4193-9A6E-C9793B276501}.DLL-Import Release|x64.ActiveCfg = Release|Win32
		{411AC1D4-3BA6-4193-9A6E-C9793B276501}.DLL-Import Release|x64.Build.0 = Release|Win32
		{411AC1D4-3BA6-4193-9A6E-C9793B276501}.MinSizeRel|Any CPU.ActiveCfg = Release|Win32
		{411AC1D4-3BA6-4193-9A6E-C9793B276501}.MinSizeRel|Any CPU.Build.0 = Release|Win32
		{411AC1D4-3BA6-4193-9A6E-C9793B276501}.MinSizeRel|Mixed Platforms.ActiveCfg = Release|Win32
		{411AC1D4-3BA6-4193-9A6E-C9793B276501}.MinSizeRel|Mixed Platforms.Build.0 = Release|Win32
		{411AC1D4-3BA6-4193-9A6E-C9793B276501}.MinSizeRel|Win32.ActiveCfg = Release|Win32
		{411AC1D4-3BA6-4193-9A6E-C9793B276501}.MinSizeRel|Win32.Build.0 = Release|Win32
		{411AC1D4-3BA6-4193-9A6E-C9793B276501}.MinSizeRel|x64.ActiveCfg = Release|Win32
		{411AC1D4-3BA6-4193-9A6E-C9793B276501}.MinSizeRel|x64.Build.0 = Release|Win32
		{411AC1D4-3BA6-4193-9A6E-C9793B276501}.Release|Any CPU.ActiveCfg = Release|Win32
		{411AC1D4-3BA6-4193-9A6E-C9793B276501}.Release|Mixed Platforms.ActiveCfg = Release|Win32
		{411AC1D4-3BA6-4193-9A6E-C9793B276501}.Release|Mixed Platforms.Build.0 = Release|Win32
		{411AC1D4-3BA6-4193-9A6E-C9793B276501}.Release|Win32.ActiveCfg = Release|Win32
		{411AC1D4-3BA6-4193-9A6E-C9793B276501}.Release|Win32.Build.0 = Release|Win32
		{411AC1D4-3BA6-4193-9A6E-C9793B276501}.Release|x64.ActiveCfg = Release|Win32
		{411AC1D4-3BA6-4193-9A6E-C9793B276501}.RelWithDebInfo|Any CPU.ActiveCfg = Release|Win32
		{411AC1D4-3BA6-4193-9A6E-C9793B276501}.RelWithDebInfo|Any CPU.Build.0 = Release|Win32
		{411AC1D4-3BA6-4193-9A6E-C9793B276501}.RelWithDebInfo|Mixed Platforms.ActiveCfg = Release|Win32
		{411AC1D4-3BA6-4193-9A6E-C9793B276501}.RelWithDebInfo|Mixed Platforms.Build.0 = Release|Win32
		{411AC1D4-3BA6-4193-9A6E-C9793B276501}.RelWithDebInfo|Win32.ActiveCfg = Release|Win32
		{411AC1D4-3BA6-4193-9A6E-C9793B276501}.RelWithDebInfo|Win32.Build.0 = Release|Win32
		{411AC1D4-3BA6-4193-9A6E-C9793B276501}.RelWithDebInfo|x64.ActiveCfg = Release|Win32
		{411AC1D4-3BA6-4193-9A6E-C9793B276501}.RelWithDebInfo|x64.Build.0 = Release|Win32
		{411AC1D4-3BA6-4193-9A6E-C9793B276501}.Template|Any CPU.ActiveCfg = DebugOwn|Win32
		{411AC1D4-3BA6-4193-9A6E-C9793B276501}.Template|Any CPU.Build.0 = DebugOwn|Win32
		{411AC1D4-3BA6-4193-9A6E-C9793B276501}.Template|Mixed Platforms.ActiveCfg = DebugOwn|Win32
		{411AC1D4-3BA6-4193-9A6E-C9793B276501}.Template|Mixed Platforms.Build.0 = DebugOwn|Win32
		{411AC1D4-3BA6-4193-9A6E-C9793B276501}.Template|Win32.ActiveCfg = DebugOwn|Win32
		{411AC1D4-3BA6-4193-9A6E-C9793B276501}.Template|Win32.Build.0 = DebugOwn|Win32
		{411AC1D4-3BA6-4193-9A6E-C9793B276501}.Template|x64.ActiveCfg = DebugOwn|Win32
		{411AC1D4-3BA6-4193-9A6E-C9793B276501}.Template|x64.Build.0 = DebugOwn|Win32
		{A4C046B2-67A6-4AC6-B319-45352C0E731A}.Debug|Any CPU.ActiveCfg = Debug|Win32
		{A4C046B2-67A6-4AC6-B319-45352C0E731A}.Debug|Mixed Platforms.ActiveCfg = Debug|Win32
		{A4C046B2-67A6-4AC6-B319-45352C0E731A}.Debug|Mixed Platforms.Build.0 = Debug|Win32
		{A4C046B2-67A6-4AC6-B319-45352C0E731A}.Debug|Win32.ActiveCfg = Debug|Win32
		{A4C046B2-67A6-4AC6-B319-45352C0E731A}.Debug|Win32.Build.0 = Debug|Win32
		{A4C046B2-67A6-4AC6-B319-45352C0E731A}.Debug|x64.ActiveCfg = Debug|Win32
		{A4C046B2-67A6-4AC6-B319-45352C0E731A}.DebugOwn|Any CPU.ActiveCfg = DebugOwn|Win32
		{A4C046B2-67A6-4AC6-B319-45352C0E731A}.DebugOwn|Mixed Platforms.ActiveCfg = DebugOwn|Win32
		{A4C046B2-67A6-4AC6-B319-45352C0E731A}.DebugOwn|Mixed Platforms.Build.0 = DebugOwn|Win32
		{A4C046B2-67A6-4AC6-B319-45352C0E731A}.DebugOwn|Win32.ActiveCfg = DebugOwn|Win32
		{A4C046B2-67A6-4AC6-B319-45352C0E731A}.DebugOwn|Win32.Build.0 = DebugOwn|Win32
		{A4C046B2-67A6-4AC6-B319-45352C0E731A}.DebugOwn|x64.ActiveCfg = DebugOwn|Win32
		{A4C046B2-67A6-4AC6-B319-45352C0E731A}.DLL-Import Debug|Any CPU.ActiveCfg = Release|Win32
		{A4C046B2-67A6-4AC6-B319-45352C0E731A}.DLL-Import Debug|Any CPU.Build.0 = Release|Win32
		{A4C046B2-67A6-4AC6-B319-45352C0E731A}.DLL-Import Debug|Mixed Platforms.ActiveCfg = Debug|Win32
		{A4C046B2-67A6-4AC6-B319-45352C0E731A}.DLL-Import Debug|Mixed Platforms.Build.0 = Debug|Win32
		{A4C046B2-67A6-4AC6-B319-45352C0E731A}.DLL-Import Debug|Win32.ActiveCfg = Debug|Win32
		{A4C046B2-67A6-4AC6-B319-45352C0E731A}.DLL-Import Debug|Win32.Build.0 = Debug|Win32
		{A4C046B2-67A6-4AC6-B319-45352C0E731A}.DLL-Import Debug|x64.ActiveCfg = Release|Win32
		{A4C046B2-67A6-4AC6-B319-45352C0E731A}.DLL-Import Debug|x64.Build.0 = Release|Win32
		{A4C046B2-67A6-4AC6-B319-45352C0E731A}.DLL-Import Release|Any CPU.ActiveCfg = Release|Win32
		{A4C046B2-67A6-4AC6-B319-45352C0E731A}.DLL-Import Release|Any CPU.Build.0 = Release|Win32
		{A4C046B2-67A6-4AC6-B319-45352C0E731A}.DLL-Import Release|Mixed Platforms.ActiveCfg = Release|Win32
		{A4C046B2-67A6-4AC6-B319-45352C0E731A}.DLL-Import Release|Mixed Platforms.Build.0 = Release|Win32
		{A4C046B2-67A6-4AC6-B319-45352C0E731A}.DLL-Import Release|Win32.ActiveCfg = Release|Win32
		{A4C046B2-67A6-4AC6-B319-45352C0E731A}.DLL-Import Release|Win32.Build.0 = Release|Win32
		{A4C046B2-67A6-4AC6-B319-45352C0E731A}.DLL-Import Release|x64.ActiveCfg = Release|Win32
		{A4C046B2-67A6-4AC6-B319-45352C0E731A}.DLL-Import Release|x64.Build.0 = Release|Win32
		{A4C046B2-67A6-4AC6-B319-45352C0E731A}.MinSizeRel|Any CPU.ActiveCfg = Release|Win32
		{A4C046B2-67A6-4AC6-B319-45352C0E731A}.MinSizeRel|Any CPU.Build.0 = Release|Win32
		{A4C046B2-67A6-4AC6-B319-45352C0E731A}.MinSizeRel|Mixed Platforms.ActiveCfg = Release|Win32
		{A4C046B2-67A6-4AC6-B319-45352C0E731A}.MinSizeRel|Mixed Platforms.Build.0 = Release|Win32
		{A4C046B2-67A6-4AC6-B319-45352C0E731A}.MinSizeRel|Win32.ActiveCfg = Release|Win32
		{A4C046B2-67A6-4AC6-B319-45352C0E731A}.MinSizeRel|Win32.Build.0 = Release|Win32
		{A4C046B2-67A6-4AC6-B319-45352C0E731A}.MinSizeRel|x64.ActiveCfg = Release|Win32
		{A4C046B2-67A6-4AC6-B319-45352C0E731A}.MinSizeRel|x64.Build.0 = Release|Win32
		{A4C046B2-67A6-4AC6-B319-45352C0E731A}.Release|Any CPU.ActiveCfg = Release|Win32
		{A4C046B2-67A6-4AC6-B319-45352C0E731A}.Release|Mixed Platforms.ActiveCfg = Release|Win32
		{A4C046B2-67A6-4AC6-B319-45352C0E731A}.Release|Mixed Platforms.Build.0 = Release|Win32
		{A4C046B2-67A6-4AC6-B319-45352C0E731A}.Release|Win32.ActiveCfg = Release|Win32
		{A4C046B2-67A6-4AC6-B319-45352C0E731A}.Release|Win32.Build.0 = Release|Win32
		{A4C046B2-67A6-4AC6-B319-45352C0E731A}.Release|x64.ActiveCfg = Release|Win32
		{A4C046B2-67A6-4AC6-B319-45352C0E731A}.RelWithDebInfo|Any CPU.ActiveCfg = Release|Win32
		{A4C046B2-67A6-4AC6-B319-45352C0E731A}.RelWithDebInfo|Any CPU.Build.0 = Release|Win32
		{A4C046B2-67A6-4AC6-B319-45352C0E731A}.RelWithDebInfo|Mixed Platforms.ActiveCfg = Release|Win32
		{A4C046B2-67A6-4AC6-B319-45352C0E731A}.RelWithDebInfo|Mixed Platforms.Build.0 = Release|Win32
		{A4C046B2-67A6-4AC6-B319-45352C0E731A}.RelWithDebInfo|Win32.ActiveCfg = Release|Win32
		{A4C046B2-67A6-4AC6-B319-45352C0E731A}.RelWithDebInfo|Win32.Build.0 = Release|Win32
		{A4C046B2-67A6-4AC6-B319-45352C0E731A}.RelWithDebInfo|x64.ActiveCfg = Release|Win32
		{A4C046B2-67A6-4AC6-B319-45352C0E731A}.RelWithDebInfo|x64.Build.0 = Release|Win32
		{A4C046B2-67A6-4AC6-B319-45352C0E731A}.Template|Any CPU.ActiveCfg = DebugOwn|Win32
		{A4C046B2-67A6-4AC6-B319-45352C0E731A}.Template|Any CPU.Build.0 = DebugOwn|Win32
		{A4C046B2-67A6-4AC6-B319-45352C0E731A}.Template|Mixed Platforms.ActiveCfg = DebugOwn|Win32
		{A4C046B2-67A6-4AC6-B319-45352C0E731A}.Template|Mixed Platforms.Build.0 = DebugOwn|Win32
		{A4C046B2-67A6-4AC6-B319-45352C0E731A}.Template|Win32.ActiveCfg = DebugOwn|Win32
		{A4C046B2-67A6-4AC6-B319-45352C0E731A}.Template|Win32.Build.0 = DebugOwn|Win32
		{A4C046B2-67A6-4AC6-B319-45352C0E731A}.Template|x64.ActiveCfg = DebugOwn|Win32
		{A4C046B2-67A6-4AC6-B319-45352C0E731A}.Template|x64.Build.0 = DebugOwn|Win32
		{93587070-828A-42CE-A002-CCCE305FC578}.Debug|Any CPU.ActiveCfg = Debug|Win32
		{93587070-828A-42CE-A002-CCCE305FC578}.Debug|Mixed Platforms.ActiveCfg = Debug|Win32
		{93587070-828A-42CE-A002-CCCE305FC578}.Debug|Mixed Platforms.Build.0 = Debug|Win32
		{93587070-828A-42CE-A002-CCCE305FC578}.Debug|Win32.ActiveCfg = Debug|Win32
		{93587070-828A-42CE-A002-CCCE305FC578}.Debug|Win32.Build.0 = Debug|Win32
		{93587070-828A-42CE-A002-CCCE305FC578}.Debug|x64.ActiveCfg = Debug|Win32
		{93587070-828A-42CE-A002-CCCE305FC578}.DebugOwn|Any CPU.ActiveCfg = DebugOwn|Win32
		{93587070-828A-42CE-A002-CCCE305FC578}.DebugOwn|Mixed Platforms.ActiveCfg = DebugOwn|Win32
		{93587070-828A-42CE-A002-CCCE305FC578}.DebugOwn|Mixed Platforms.Build.0 = DebugOwn|Win32
		{93587070-828A-42CE-A002-CCCE305FC578}.DebugOwn|Win32.ActiveCfg = DebugOwn|Win32
		{93587070-828A-42CE-A002-CCCE305FC578}.DebugOwn|Win32.Build.0 = DebugOwn|Win32
		{93587070-828A-42CE-A002-CCCE305FC578}.DebugOwn|x64.ActiveCfg = DebugOwn|Win32
		{93587070-828A-42CE-A002-CCCE305FC578}.DLL-Import Debug|Any CPU.ActiveCfg = Release|Win32
		{93587070-828A-42CE-A002-CCCE305FC578}.DLL-Import Debug|Any CPU.Build.0 = Release|Win32
		{93587070-828A-42CE-A002-CCCE305FC578}.DLL-Import Debug|Mixed Platforms.ActiveCfg = Debug|Win32
		{93587070-828A-42CE-A002-CCCE305FC578}.DLL-Import Debug|Mixed Platforms.Build.0 = Debug|Win32
		{93587070-828A-42CE-A002-CCCE305FC578}.DLL-Import Debug|Win32.ActiveCfg = Debug|Win32
		{93587070-828A-42CE-A002-CCCE305FC578}.DLL-Import Debug|Win32.Build.0 = Debug|Win32
		{93587070-828A-42CE-A002-CCCE305FC578}.DLL-Import Debug|x64.ActiveCfg = Release|Win32
		{93587070-828A-42CE-A002-CCCE305FC578}.DLL-Import Debug|x64.Build.0 = Release|Win32
		{93587070-828A-42CE-A002-CCCE305FC578}.DLL-Import Release|Any CPU.ActiveCfg = Release|Win32
		{93587070-828A-42CE-A002-CCCE305FC578}.DLL-Import Release|Any CPU.Build.0 = Release|Win32
		{93587070-828A-42CE-A002-CCCE305FC578}.DLL-Import Release|Mixed Platforms.ActiveCfg = Release|Win32
		{93587070-828A-42CE-A002-CCCE305FC578}.DLL-Import Release|Mixed Platforms.Build.0 = Release|Win32
		{93587070-828A-42CE-A002-CCCE305FC578}.DLL-Import Release|Win32.ActiveCfg = Release|Win32
		{93587070-828A-42CE-A002-CCCE305FC578}.DLL-Import Release|Win32.Build.0 = Release|Win32
		{93587070-828A-42CE-A002-CCCE305FC578}.DLL-Import Release|x64.ActiveCfg = Release|Win32
		{93587070-828A-42CE-A002-CCCE305FC578}.DLL-Import Release|x64.Build.0 = Release|Win32
		{93587070-828A-42CE-A002-CCCE305FC578}.MinSizeRel|Any CPU.ActiveCfg = Release|Win32
		{93587070-828A-42CE-A002-CCCE305FC578}.MinSizeRel|Any CPU.Build.0 = Release|Win32
		{93587070-828A-42CE-A002-CCCE305FC578}.MinSizeRel|Mixed Platforms.ActiveCfg = Release|Win32
		{93587070-828A-42CE-A002-CCCE305FC578}.MinSizeRel|Mixed Platforms.Build.0 = Release|Win32
		{93587070-828A-42CE-A002-CCCE305FC578}.MinSizeRel|Win32.ActiveCfg = Release|Win32
		{93587070-828A-42CE-A002-CCCE305FC578}.MinSizeRel|Win32.Build.0 = Release|Win32
		{93587070-828A-42CE-A002-CCCE305FC578}.MinSizeRel|x64.ActiveCfg = Release|Win32
		{93587070-828A-42CE-A002-CCCE305FC578}.MinSizeRel|x64.Build.0 = Release|Win32
		{93587070-828A-42CE-A002-CCCE305FC578}.Release|Any CPU.ActiveCfg = Release|Win32
		{93587070-828A-42CE-A002-CCCE305FC578}.Release|Mixed Platforms.ActiveCfg = Release|Win32
		{93587070-828A-42CE-A002-CCCE305FC578}.Release|Mixed Platforms.Build.0 = Release|Win32
		{93587070-828A-42CE-A002-CCCE305FC578}.Release|Win32.ActiveCfg = Release|Win32
		{93587070-828A-42CE-A002-CCCE305FC578}.Release|x64.ActiveCfg = Release|Win32
		{93587070-828A-42CE-A002-CCCE305FC578}.RelWithDebInfo|Any CPU.ActiveCfg = Release|Win32
		{93587070-828A-42CE-A002-CCCE305FC578}.RelWithDebInfo|Any CPU.Build.0 = Release|Win32
		{93587070-828A-42CE-A002-CCCE305FC578}.RelWithDebInfo|Mixed Platforms.ActiveCfg = Release|Win32
		{93587070-828A-42CE-A002-CCCE305FC578}.RelWithDebInfo|Mixed Platforms.Build.0 = Release|Win32
		{93587070-828A-42CE-A002-CCCE305FC578}.RelWithDebInfo|Win32.ActiveCfg = Release|Win32
		{93587070-828A-42CE-A002-CCCE305FC578}.RelWithDebInfo|Win32.Build.0 = Release|Win32
		{93587070-828A-42CE-A002-CCCE305FC578}.RelWithDebInfo|x64.ActiveCfg = Release|Win32
		{93587070-828A-42CE-A002-CCCE305FC578}.RelWithDebInfo|x64.Build.0 = Release|Win32
		{93587070-828A-42CE-A002-CCCE305FC578}.Template|Any CPU.ActiveCfg = DebugOwn|Win32
		{93587070-828A-42CE-A002-CCCE305FC578}.Template|Any CPU.Build.0 = DebugOwn|Win32
		{93587070-828A-42CE-A002-CCCE305FC578}.Template|Mixed Platforms.ActiveCfg = DebugOwn|Win32
		{93587070-828A-42CE-A002-CCCE305FC578}.Template|Mixed Platforms.Build.0 = DebugOwn|Win32
		{93587070-828A-42CE-A002-CCCE305FC578}.Template|Win32.ActiveCfg = DebugOwn|Win32
		{93587070-828A-42CE-A002-CCCE305FC578}.Template|Win32.Build.0 = DebugOwn|Win32
		{93587070-828A-42CE-A002-CCCE305FC578}.Template|x64.ActiveCfg = DebugOwn|Win32
		{93587070-828A-42CE-A002-CCCE305FC578}.Template|x64.Build.0 = DebugOwn|Win32
		{437EA8E6-2E07-4FF4-A940-C3B5E86BAF8F}.Debug|Any CPU.ActiveCfg = Debug|Any CPU
		{437EA8E6-2E07-4FF4-A940-C3B5E86BAF8F}.Debug|Any CPU.Build.0 = Debug|Any CPU
		{437EA8E6-2E07-4FF4-A940-C3B5E86BAF8F}.Debug|Mixed Platforms.ActiveCfg = Debug|Any CPU
		{437EA8E6-2E07-4FF4-A940-C3B5E86BAF8F}.Debug|Mixed Platforms.Build.0 = Debug|Any CPU
		{437EA8E6-2E07-4FF4-A940-C3B5E86BAF8F}.Debug|Win32.ActiveCfg = Debug|Any CPU
		{437EA8E6-2E07-4FF4-A940-C3B5E86BAF8F}.Debug|x64.ActiveCfg = Debug|Any CPU
		{437EA8E6-2E07-4FF4-A940-C3B5E86BAF8F}.Debug|x64.Build.0 = Debug|Any CPU
		{437EA8E6-2E07-4FF4-A940-C3B5E86BAF8F}.DebugOwn|Any CPU.ActiveCfg = Debug|Any CPU
		{437EA8E6-2E07-4FF4-A940-C3B5E86BAF8F}.DebugOwn|Any CPU.Build.0 = Debug|Any CPU
		{437EA8E6-2E07-4FF4-A940-C3B5E86BAF8F}.DebugOwn|Mixed Platforms.ActiveCfg = Debug|Any CPU
		{437EA8E6-2E07-4FF4-A940-C3B5E86BAF8F}.DebugOwn|Mixed Platforms.Build.0 = Debug|Any CPU
		{437EA8E6-2E07-4FF4-A940-C3B5E86BAF8F}.DebugOwn|Win32.ActiveCfg = Debug|Any CPU
		{437EA8E6-2E07-4FF4-A940-C3B5E86BAF8F}.DebugOwn|Win32.Build.0 = Debug|Any CPU
		{437EA8E6-2E07-4FF4-A940-C3B5E86BAF8F}.DebugOwn|x64.ActiveCfg = Debug|Any CPU
		{437EA8E6-2E07-4FF4-A940-C3B5E86BAF8F}.DebugOwn|x64.Build.0 = Debug|Any CPU
		{437EA8E6-2E07-4FF4-A940-C3B5E86BAF8F}.DLL-Import Debug|Any CPU.ActiveCfg = Debug|Any CPU
		{437EA8E6-2E07-4FF4-A940-C3B5E86BAF8F}.DLL-Import Debug|Any CPU.Build.0 = Debug|Any CPU
		{437EA8E6-2E07-4FF4-A940-C3B5E86BAF8F}.DLL-Import Debug|Mixed Platforms.ActiveCfg = Debug|x86
		{437EA8E6-2E07-4FF4-A940-C3B5E86BAF8F}.DLL-Import Debug|Mixed Platforms.Build.0 = Debug|x86
		{437EA8E6-2E07-4FF4-A940-C3B5E86BAF8F}.DLL-Import Debug|Win32.ActiveCfg = Debug|x86
		{437EA8E6-2E07-4FF4-A940-C3B5E86BAF8F}.DLL-Import Debug|Win32.Build.0 = Debug|x86
		{437EA8E6-2E07-4FF4-A940-C3B5E86BAF8F}.DLL-Import Debug|x64.ActiveCfg = Debug|Any CPU
		{437EA8E6-2E07-4FF4-A940-C3B5E86BAF8F}.DLL-Import Debug|x64.Build.0 = Debug|Any CPU
		{437EA8E6-2E07-4FF4-A940-C3B5E86BAF8F}.DLL-Import Release|Any CPU.ActiveCfg = Release|Any CPU
		{437EA8E6-2E07-4FF4-A940-C3B5E86BAF8F}.DLL-Import Release|Any CPU.Build.0 = Release|Any CPU
		{437EA8E6-2E07-4FF4-A940-C3B5E86BAF8F}.DLL-Import Release|Mixed Platforms.ActiveCfg = Release|x86
		{437EA8E6-2E07-4FF4-A940-C3B5E86BAF8F}.DLL-Import Release|Mixed Platforms.Build.0 = Release|x86
		{437EA8E6-2E07-4FF4-A940-C3B5E86BAF8F}.DLL-Import Release|Win32.ActiveCfg = Release|x86
		{437EA8E6-2E07-4FF4-A940-C3B5E86BAF8F}.DLL-Import Release|Win32.Build.0 = Release|x86
		{437EA8E6-2E07-4FF4-A940-C3B5E86BAF8F}.DLL-Import Release|x64.ActiveCfg = Release|Any CPU
		{437EA8E6-2E07-4FF4-A940-C3B5E86BAF8F}.DLL-Import Release|x64.Build.0 = Release|Any CPU
		{437EA8E6-2E07-4FF4-A940-C3B5E86BAF8F}.MinSizeRel|Any CPU.ActiveCfg = Release|Any CPU
		{437EA8E6-2E07-4FF4-A940-C3B5E86BAF8F}.MinSizeRel|Any CPU.Build.0 = Release|Any CPU
		{437EA8E6-2E07-4FF4-A940-C3B5E86BAF8F}.MinSizeRel|Mixed Platforms.ActiveCfg = Release|x86
		{437EA8E6-2E07-4FF4-A940-C3B5E86BAF8F}.MinSizeRel|Mixed Platforms.Build.0 = Release|x86
		{437EA8E6-2E07-4FF4-A940-C3B5E86BAF8F}.MinSizeRel|Win32.ActiveCfg = Release|x86
		{437EA8E6-2E07-4FF4-A940-C3B5E86BAF8F}.MinSizeRel|Win32.Build.0 = Release|x86
		{437EA8E6-2E07-4FF4-A940-C3B5E86BAF8F}.MinSizeRel|x64.ActiveCfg = Release|Any CPU
		{437EA8E6-2E07-4FF4-A940-C3B5E86BAF8F}.MinSizeRel|x64.Build.0 = Release|Any CPU
		{437EA8E6-2E07-4FF4-A940-C3B5E86BAF8F}.Release|Any CPU.ActiveCfg = Release|Any CPU
		{437EA8E6-2E07-4FF4-A940-C3B5E86BAF8F}.Release|Any CPU.Build.0 = Release|Any CPU
		{437EA8E6-2E07-4FF4-A940-C3B5E86BAF8F}.Release|Mixed Platforms.ActiveCfg = Release|Any CPU
		{437EA8E6-2E07-4FF4-A940-C3B5E86BAF8F}.Release|Mixed Platforms.Build.0 = Release|Any CPU
		{437EA8E6-2E07-4FF4-A940-C3B5E86BAF8F}.Release|Win32.ActiveCfg = Release|Any CPU
		{437EA8E6-2E07-4FF4-A940-C3B5E86BAF8F}.Release|x64.ActiveCfg = Release|Any CPU
		{437EA8E6-2E07-4FF4-A940-C3B5E86BAF8F}.Release|x64.Build.0 = Release|Any CPU
		{437EA8E6-2E07-4FF4-A940-C3B5E86BAF8F}.RelWithDebInfo|Any CPU.ActiveCfg = Release|Any CPU
		{437EA8E6-2E07-4FF4-A940-C3B5E86BAF8F}.RelWithDebInfo|Any CPU.Build.0 = Release|Any CPU
		{437EA8E6-2E07-4FF4-A940-C3B5E86BAF8F}.RelWithDebInfo|Mixed Platforms.ActiveCfg = Release|x86
		{437EA8E6-2E07-4FF4-A940-C3B5E86BAF8F}.RelWithDebInfo|Mixed Platforms.Build.0 = Release|x86
		{437EA8E6-2E07-4FF4-A940-C3B5E86BAF8F}.RelWithDebInfo|Win32.ActiveCfg = Release|x86
		{437EA8E6-2E07-4FF4-A940-C3B5E86BAF8F}.RelWithDebInfo|Win32.Build.0 = Release|x86
		{437EA8E6-2E07-4FF4-A940-C3B5E86BAF8F}.RelWithDebInfo|x64.ActiveCfg = Release|Any CPU
		{437EA8E6-2E07-4FF4-A940-C3B5E86BAF8F}.RelWithDebInfo|x64.Build.0 = Release|Any CPU
		{437EA8E6-2E07-4FF4-A940-C3B5E86BAF8F}.Template|Any CPU.ActiveCfg = Release|Any CPU
		{437EA8E6-2E07-4FF4-A940-C3B5E86BAF8F}.Template|Any CPU.Build.0 = Release|Any CPU
		{437EA8E6-2E07-4FF4-A940-C3B5E86BAF8F}.Template|Mixed Platforms.ActiveCfg = Release|Any CPU
		{437EA8E6-2E07-4FF4-A940-C3B5E86BAF8F}.Template|Mixed Platforms.Build.0 = Release|Any CPU
		{437EA8E6-2E07-4FF4-A940-C3B5E86BAF8F}.Template|Win32.ActiveCfg = Release|Any CPU
		{437EA8E6-2E07-4FF4-A940-C3B5E86BAF8F}.Template|Win32.Build.0 = Release|Any CPU
		{437EA8E6-2E07-4FF4-A940-C3B5E86BAF8F}.Template|x64.ActiveCfg = Release|Any CPU
		{437EA8E6-2E07-4FF4-A940-C3B5E86BAF8F}.Template|x64.Build.0 = Release|Any CPU
		{2123038C-C8BC-4230-9AFE-7A917CD5D1AF}.Debug|Any CPU.ActiveCfg = Debug|Win32
		{2123038C-C8BC-4230-9AFE-7A917CD5D1AF}.Debug|Mixed Platforms.ActiveCfg = Debug|Win32
		{2123038C-C8BC-4230-9AFE-7A917CD5D1AF}.Debug|Mixed Platforms.Build.0 = Debug|Win32
		{2123038C-C8BC-4230-9AFE-7A917CD5D1AF}.Debug|Win32.ActiveCfg = Debug|Win32
		{2123038C-C8BC-4230-9AFE-7A917CD5D1AF}.Debug|Win32.Build.0 = Debug|Win32
		{2123038C-C8BC-4230-9AFE-7A917CD5D1AF}.Debug|x64.ActiveCfg = Debug|Win32
		{2123038C-C8BC-4230-9AFE-7A917CD5D1AF}.DebugOwn|Any CPU.ActiveCfg = Release|Win32
		{2123038C-C8BC-4230-9AFE-7A917CD5D1AF}.DebugOwn|Any CPU.Build.0 = Release|Win32
		{2123038C-C8BC-4230-9AFE-7A917CD5D1AF}.DebugOwn|Mixed Platforms.ActiveCfg = Debug|Win32
		{2123038C-C8BC-4230-9AFE-7A917CD5D1AF}.DebugOwn|Mixed Platforms.Build.0 = Debug|Win32
		{2123038C-C8BC-4230-9AFE-7A917CD5D1AF}.DebugOwn|Win32.ActiveCfg = Debug|Win32
		{2123038C-C8BC-4230-9AFE-7A917CD5D1AF}.DebugOwn|Win32.Build.0 = Debug|Win32
		{2123038C-C8BC-4230-9AFE-7A917CD5D1AF}.DebugOwn|x64.ActiveCfg = Release|Win32
		{2123038C-C8BC-4230-9AFE-7A917CD5D1AF}.DebugOwn|x64.Build.0 = Release|Win32
		{2123038C-C8BC-4230-9AFE-7A917CD5D1AF}.DLL-Import Debug|Any CPU.ActiveCfg = Release|Win32
		{2123038C-C8BC-4230-9AFE-7A917CD5D1AF}.DLL-Import Debug|Any CPU.Build.0 = Release|Win32
		{2123038C-C8BC-4230-9AFE-7A917CD5D1AF}.DLL-Import Debug|Mixed Platforms.ActiveCfg = Debug|Win32
		{2123038C-C8BC-4230-9AFE-7A917CD5D1AF}.DLL-Import Debug|Mixed Platforms.Build.0 = Debug|Win32
		{2123038C-C8BC-4230-9AFE-7A917CD5D1AF}.DLL-Import Debug|Win32.ActiveCfg = Debug|Win32
		{2123038C-C8BC-4230-9AFE-7A917CD5D1AF}.DLL-Import Debug|Win32.Build.0 = Debug|Win32
		{2123038C-C8BC-4230-9AFE-7A917CD5D1AF}.DLL-Import Debug|x64.ActiveCfg = Release|Win32
		{2123038C-C8BC-4230-9AFE-7A917CD5D1AF}.DLL-Import Debug|x64.Build.0 = Release|Win32
		{2123038C-C8BC-4230-9AFE-7A917CD5D1AF}.DLL-Import Release|Any CPU.ActiveCfg = Release|Win32
		{2123038C-C8BC-4230-9AFE-7A917CD5D1AF}.DLL-Import Release|Any CPU.Build.0 = Release|Win32
		{2123038C-C8BC-4230-9AFE-7A917CD5D1AF}.DLL-Import Release|Mixed Platforms.ActiveCfg = Release|Win32
		{2123038C-C8BC-4230-9AFE-7A917CD5D1AF}.DLL-Import Release|Mixed Platforms.Build.0 = Release|Win32
		{2123038C-C8BC-4230-9AFE-7A917CD5D1AF}.DLL-Import Release|Win32.ActiveCfg = Release|Win32
		{2123038C-C8BC-4230-9AFE-7A917CD5D1AF}.DLL-Import Release|Win32.Build.0 = Release|Win32
		{2123038C-C8BC-4230-9AFE-7A917CD5D1AF}.DLL-Import Release|x64.ActiveCfg = Release|Win32
		{2123038C-C8BC-4230-9AFE-7A917CD5D1AF}.DLL-Import Release|x64.Build.0 = Release|Win32
		{2123038C-C8BC-4230-9AFE-7A917CD5D1AF}.MinSizeRel|Any CPU.ActiveCfg = Release|Win32
		{2123038C-C8BC-4230-9AFE-7A917CD5D1AF}.MinSizeRel|Any CPU.Build.0 = Release|Win32
		{2123038C-C8BC-4230-9AFE-7A917CD5D1AF}.MinSizeRel|Mixed Platforms.ActiveCfg = Release|Win32
		{2123038C-C8BC-4230-9AFE-7A917CD5D1AF}.MinSizeRel|Mixed Platforms.Build.0 = Release|Win32
		{2123038C-C8BC-4230-9AFE-7A917CD5D1AF}.MinSizeRel|Win32.ActiveCfg = Release|Win32
		{2123038C-C8BC-4230-9AFE-7A917CD5D1AF}.MinSizeRel|Win32.Build.0 = Release|Win32
		{2123038C-C8BC-4230-9AFE-7A917CD5D1AF}.MinSizeRel|x64.ActiveCfg = Release|Win32
		{2123038C-C8BC-4230-9AFE-7A917CD5D1AF}.MinSizeRel|x64.Build.0 = Release|Win32
		{2123038C-C8BC-4230-9AFE-7A917CD5D1AF}.Release|Any CPU.ActiveCfg = Release|Win32
		{2123038C-C8BC-4230-9AFE-7A917CD5D1AF}.Release|Mixed Platforms.ActiveCfg = Release|Win32
		{2123038C-C8BC-4230-9AFE-7A917CD5D1AF}.Release|Mixed Platforms.Build.0 = Release|Win32
		{2123038C-C8BC-4230-9AFE-7A917CD5D1AF}.Release|Win32.ActiveCfg = Release|Win32
		{2123038C-C8BC-4230-9AFE-7A917CD5D1AF}.Release|x64.ActiveCfg = Release|Win32
		{2123038C-C8BC-4230-9AFE-7A917CD5D1AF}.RelWithDebInfo|Any CPU.ActiveCfg = Release|Win32
		{2123038C-C8BC-4230-9AFE-7A917CD5D1AF}.RelWithDebInfo|Any CPU.Build.0 = Release|Win32
		{2123038C-C8BC-4230-9AFE-7A917CD5D1AF}.RelWithDebInfo|Mixed Platforms.ActiveCfg = Release|Win32
		{2123038C-C8BC-4230-9AFE-7A917CD5D1AF}.RelWithDebInfo|Mixed Platforms.Build.0 = Release|Win32
		{2123038C-C8BC-4230-9AFE-7A917CD5D1AF}.RelWithDebInfo|Win32.ActiveCfg = Release|Win32
		{2123038C-C8BC-4230-9AFE-7A917CD5D1AF}.RelWithDebInfo|Win32.Build.0 = Release|Win32
		{2123038C-C8BC-4230-9AFE-7A917CD5D1AF}.RelWithDebInfo|x64.ActiveCfg = Release|Win32
		{2123038C-C8BC-4230-9AFE-7A917CD5D1AF}.RelWithDebInfo|x64.Build.0 = Release|Win32
		{2123038C-C8BC-4230-9AFE-7A917CD5D1AF}.Template|Any CPU.ActiveCfg = Release|Win32
		{2123038C-C8BC-4230-9AFE-7A917CD5D1AF}.Template|Any CPU.Build.0 = Release|Win32
		{2123038C-C8BC-4230-9AFE-7A917CD5D1AF}.Template|Mixed Platforms.ActiveCfg = Release|Win32
		{2123038C-C8BC-4230-9AFE-7A917CD5D1AF}.Template|Mixed Platforms.Build.0 = Release|Win32
		{2123038C-C8BC-4230-9AFE-7A917CD5D1AF}.Template|Win32.ActiveCfg = Release|Win32
		{2123038C-C8BC-4230-9AFE-7A917CD5D1AF}.Template|Win32.Build.0 = Release|Win32
		{2123038C-C8BC-4230-9AFE-7A917CD5D1AF}.Template|x64.ActiveCfg = Release|Win32
		{2123038C-C8BC-4230-9AFE-7A917CD5D1AF}.Template|x64.Build.0 = Release|Win32
		{C39F4B46-6E89-4074-902E-CA57073044D2}.Debug|Any CPU.ActiveCfg = Debug|Win32
		{C39F4B46-6E89-4074-902E-CA57073044D2}.Debug|Mixed Platforms.ActiveCfg = Debug|Win32
		{C39F4B46-6E89-4074-902E-CA57073044D2}.Debug|Mixed Platforms.Build.0 = Debug|Win32
		{C39F4B46-6E89-4074-902E-CA57073044D2}.Debug|Win32.ActiveCfg = Debug|Win32
		{C39F4B46-6E89-4074-902E-CA57073044D2}.Debug|Win32.Build.0 = Debug|Win32
		{C39F4B46-6E89-4074-902E-CA57073044D2}.Debug|x64.ActiveCfg = Debug|x64
		{C39F4B46-6E89-4074-902E-CA57073044D2}.Debug|x64.Build.0 = Debug|x64
		{C39F4B46-6E89-4074-902E-CA57073044D2}.DebugOwn|Any CPU.ActiveCfg = Release|x64
		{C39F4B46-6E89-4074-902E-CA57073044D2}.DebugOwn|Any CPU.Build.0 = Release|x64
		{C39F4B46-6E89-4074-902E-CA57073044D2}.DebugOwn|Mixed Platforms.ActiveCfg = Debug|Win32
		{C39F4B46-6E89-4074-902E-CA57073044D2}.DebugOwn|Mixed Platforms.Build.0 = Debug|Win32
		{C39F4B46-6E89-4074-902E-CA57073044D2}.DebugOwn|Win32.ActiveCfg = Debug|Win32
		{C39F4B46-6E89-4074-902E-CA57073044D2}.DebugOwn|Win32.Build.0 = Debug|Win32
		{C39F4B46-6E89-4074-902E-CA57073044D2}.DebugOwn|x64.ActiveCfg = Debug|x64
		{C39F4B46-6E89-4074-902E-CA57073044D2}.DebugOwn|x64.Build.0 = Debug|x64
		{C39F4B46-6E89-4074-902E-CA57073044D2}.DLL-Import Debug|Any CPU.ActiveCfg = DLL-Import Debug|Win32
		{C39F4B46-6E89-4074-902E-CA57073044D2}.DLL-Import Debug|Mixed Platforms.ActiveCfg = DLL-Import Debug|Win32
		{C39F4B46-6E89-4074-902E-CA57073044D2}.DLL-Import Debug|Mixed Platforms.Build.0 = DLL-Import Debug|Win32
		{C39F4B46-6E89-4074-902E-CA57073044D2}.DLL-Import Debug|Win32.ActiveCfg = DLL-Import Debug|Win32
		{C39F4B46-6E89-4074-902E-CA57073044D2}.DLL-Import Debug|Win32.Build.0 = DLL-Import Debug|Win32
		{C39F4B46-6E89-4074-902E-CA57073044D2}.DLL-Import Debug|x64.ActiveCfg = DLL-Import Debug|x64
		{C39F4B46-6E89-4074-902E-CA57073044D2}.DLL-Import Debug|x64.Build.0 = DLL-Import Debug|x64
		{C39F4B46-6E89-4074-902E-CA57073044D2}.DLL-Import Release|Any CPU.ActiveCfg = DLL-Import Release|Win32
		{C39F4B46-6E89-4074-902E-CA57073044D2}.DLL-Import Release|Mixed Platforms.ActiveCfg = DLL-Import Release|Win32
		{C39F4B46-6E89-4074-902E-CA57073044D2}.DLL-Import Release|Mixed Platforms.Build.0 = DLL-Import Release|Win32
		{C39F4B46-6E89-4074-902E-CA57073044D2}.DLL-Import Release|Win32.ActiveCfg = DLL-Import Release|Win32
		{C39F4B46-6E89-4074-902E-CA57073044D2}.DLL-Import Release|Win32.Build.0 = DLL-Import Release|Win32
		{C39F4B46-6E89-4074-902E-CA57073044D2}.DLL-Import Release|x64.ActiveCfg = DLL-Import Release|x64
		{C39F4B46-6E89-4074-902E-CA57073044D2}.DLL-Import Release|x64.Build.0 = DLL-Import Release|x64
		{C39F4B46-6E89-4074-902E-CA57073044D2}.MinSizeRel|Any CPU.ActiveCfg = Release|x64
		{C39F4B46-6E89-4074-902E-CA57073044D2}.MinSizeRel|Any CPU.Build.0 = Release|x64
		{C39F4B46-6E89-4074-902E-CA57073044D2}.MinSizeRel|Mixed Platforms.ActiveCfg = Release|Win32
		{C39F4B46-6E89-4074-902E-CA57073044D2}.MinSizeRel|Mixed Platforms.Build.0 = Release|Win32
		{C39F4B46-6E89-4074-902E-CA57073044D2}.MinSizeRel|Win32.ActiveCfg = Release|Win32
		{C39F4B46-6E89-4074-902E-CA57073044D2}.MinSizeRel|Win32.Build.0 = Release|Win32
		{C39F4B46-6E89-4074-902E-CA57073044D2}.MinSizeRel|x64.ActiveCfg = Release|x64
		{C39F4B46-6E89-4074-902E-CA57073044D2}.MinSizeRel|x64.Build.0 = Release|x64
		{C39F4B46-6E89-4074-902E-CA57073044D2}.Release|Any CPU.ActiveCfg = Release|Win32
		{C39F4B46-6E89-4074-902E-CA57073044D2}.Release|Mixed Platforms.ActiveCfg = Release|Win32
		{C39F4B46-6E89-4074-902E-CA57073044D2}.Release|Mixed Platforms.Build.0 = Release|Win32
		{C39F4B46-6E89-4074-902E-CA57073044D2}.Release|Win32.ActiveCfg = Release|Win32
		{C39F4B46-6E89-4074-902E-CA57073044D2}.Release|Win32.Build.0 = Release|Win32
		{C39F4B46-6E89-4074-902E-CA57073044D2}.Release|x64.ActiveCfg = Release|x64
		{C39F4B46-6E89-4074-902E-CA57073044D2}.Release|x64.Build.0 = Release|x64
		{C39F4B46-6E89-4074-902E-CA57073044D2}.RelWithDebInfo|Any CPU.ActiveCfg = Release|x64
		{C39F4B46-6E89-4074-902E-CA57073044D2}.RelWithDebInfo|Any CPU.Build.0 = Release|x64
		{C39F4B46-6E89-4074-902E-CA57073044D2}.RelWithDebInfo|Mixed Platforms.ActiveCfg = Release|Win32
		{C39F4B46-6E89-4074-902E-CA57073044D2}.RelWithDebInfo|Mixed Platforms.Build.0 = Release|Win32
		{C39F4B46-6E89-4074-902E-CA57073044D2}.RelWithDebInfo|Win32.ActiveCfg = Release|Win32
		{C39F4B46-6E89-4074-902E-CA57073044D2}.RelWithDebInfo|Win32.Build.0 = Release|Win32
		{C39F4B46-6E89-4074-902E-CA57073044D2}.RelWithDebInfo|x64.ActiveCfg = Release|x64
		{C39F4B46-6E89-4074-902E-CA57073044D2}.RelWithDebInfo|x64.Build.0 = Release|x64
		{C39F4B46-6E89-4074-902E-CA57073044D2}.Template|Any CPU.ActiveCfg = Release|x64
		{C39F4B46-6E89-4074-902E-CA57073044D2}.Template|Any CPU.Build.0 = Release|x64
		{C39F4B46-6E89-4074-902E-CA57073044D2}.Template|Mixed Platforms.ActiveCfg = Release|Win32
		{C39F4B46-6E89-4074-902E-CA57073044D2}.Template|Mixed Platforms.Build.0 = Release|Win32
		{C39F4B46-6E89-4074-902E-CA57073044D2}.Template|Win32.ActiveCfg = Release|Win32
		{C39F4B46-6E89-4074-902E-CA57073044D2}.Template|Win32.Build.0 = Release|Win32
		{C39F4B46-6E89-4074-902E-CA57073044D2}.Template|x64.ActiveCfg = Release|x64
		{C39F4B46-6E89-4074-902E-CA57073044D2}.Template|x64.Build.0 = Release|x64
		{F6FD7178-2386-356D-A463-567AB8EFA899}.Debug|Any CPU.ActiveCfg = Debug|Win32
		{F6FD7178-2386-356D-A463-567AB8EFA899}.Debug|Mixed Platforms.ActiveCfg = Debug|Win32
		{F6FD7178-2386-356D-A463-567AB8EFA899}.Debug|Mixed Platforms.Build.0 = Debug|Win32
		{F6FD7178-2386-356D-A463-567AB8EFA899}.Debug|Win32.ActiveCfg = Debug|Win32
		{F6FD7178-2386-356D-A463-567AB8EFA899}.Debug|Win32.Build.0 = Debug|Win32
		{F6FD7178-2386-356D-A463-567AB8EFA899}.Debug|x64.ActiveCfg = Debug|Win32
		{F6FD7178-2386-356D-A463-567AB8EFA899}.DebugOwn|Any CPU.ActiveCfg = RelWithDebInfo|Win32
		{F6FD7178-2386-356D-A463-567AB8EFA899}.DebugOwn|Any CPU.Build.0 = RelWithDebInfo|Win32
		{F6FD7178-2386-356D-A463-567AB8EFA899}.DebugOwn|Mixed Platforms.ActiveCfg = Debug|Win32
		{F6FD7178-2386-356D-A463-567AB8EFA899}.DebugOwn|Mixed Platforms.Build.0 = Debug|Win32
		{F6FD7178-2386-356D-A463-567AB8EFA899}.DebugOwn|Win32.ActiveCfg = Debug|Win32
		{F6FD7178-2386-356D-A463-567AB8EFA899}.DebugOwn|Win32.Build.0 = Debug|Win32
		{F6FD7178-2386-356D-A463-567AB8EFA899}.DebugOwn|x64.ActiveCfg = RelWithDebInfo|Win32
		{F6FD7178-2386-356D-A463-567AB8EFA899}.DebugOwn|x64.Build.0 = RelWithDebInfo|Win32
		{F6FD7178-2386-356D-A463-567AB8EFA899}.DLL-Import Debug|Any CPU.ActiveCfg = RelWithDebInfo|Win32
		{F6FD7178-2386-356D-A463-567AB8EFA899}.DLL-Import Debug|Any CPU.Build.0 = RelWithDebInfo|Win32
		{F6FD7178-2386-356D-A463-567AB8EFA899}.DLL-Import Debug|Mixed Platforms.ActiveCfg = Debug|Win32
		{F6FD7178-2386-356D-A463-567AB8EFA899}.DLL-Import Debug|Mixed Platforms.Build.0 = Debug|Win32
		{F6FD7178-2386-356D-A463-567AB8EFA899}.DLL-Import Debug|Win32.ActiveCfg = Debug|Win32
		{F6FD7178-2386-356D-A463-567AB8EFA899}.DLL-Import Debug|Win32.Build.0 = Debug|Win32
		{F6FD7178-2386-356D-A463-567AB8EFA899}.DLL-Import Debug|x64.ActiveCfg = RelWithDebInfo|Win32
		{F6FD7178-2386-356D-A463-567AB8EFA899}.DLL-Import Debug|x64.Build.0 = RelWithDebInfo|Win32
		{F6FD7178-2386-356D-A463-567AB8EFA899}.DLL-Import Release|Any CPU.ActiveCfg = RelWithDebInfo|Win32
		{F6FD7178-2386-356D-A463-567AB8EFA899}.DLL-Import Release|Any CPU.Build.0 = RelWithDebInfo|Win32
		{F6FD7178-2386-356D-A463-567AB8EFA899}.DLL-Import Release|Mixed Platforms.ActiveCfg = Release|Win32
		{F6FD7178-2386-356D-A463-567AB8EFA899}.DLL-Import Release|Mixed Platforms.Build.0 = Release|Win32
		{F6FD7178-2386-356D-A463-567AB8EFA899}.DLL-Import Release|Win32.ActiveCfg = Release|Win32
		{F6FD7178-2386-356D-A463-567AB8EFA899}.DLL-Import Release|Win32.Build.0 = Release|Win32
		{F6FD7178-2386-356D-A463-567AB8EFA899}.DLL-Import Release|x64.ActiveCfg = RelWithDebInfo|Win32
		{F6FD7178-2386-356D-A463-567AB8EFA899}.DLL-Import Release|x64.Build.0 = RelWithDebInfo|Win32
		{F6FD7178-2386-356D-A463-567AB8EFA899}.MinSizeRel|Any CPU.ActiveCfg = MinSizeRel|Win32
		{F6FD7178-2386-356D-A463-567AB8EFA899}.MinSizeRel|Mixed Platforms.ActiveCfg = MinSizeRel|Win32
		{F6FD7178-2386-356D-A463-567AB8EFA899}.MinSizeRel|Mixed Platforms.Build.0 = MinSizeRel|Win32
		{F6FD7178-2386-356D-A463-567AB8EFA899}.MinSizeRel|Win32.ActiveCfg = MinSizeRel|Win32
		{F6FD7178-2386-356D-A463-567AB8EFA899}.MinSizeRel|Win32.Build.0 = MinSizeRel|Win32
		{F6FD7178-2386-356D-A463-567AB8EFA899}.MinSizeRel|x64.ActiveCfg = MinSizeRel|Win32
		{F6FD7178-2386-356D-A463-567AB8EFA899}.Release|Any CPU.ActiveCfg = Release|Win32
		{F6FD7178-2386-356D-A463-567AB8EFA899}.Release|Mixed Platforms.ActiveCfg = Release|Win32
		{F6FD7178-2386-356D-A463-567AB8EFA899}.Release|Mixed Platforms.Build.0 = Release|Win32
		{F6FD7178-2386-356D-A463-567AB8EFA899}.Release|Win32.ActiveCfg = Release|Win32
		{F6FD7178-2386-356D-A463-567AB8EFA899}.Release|Win32.Build.0 = Release|Win32
		{F6FD7178-2386-356D-A463-567AB8EFA899}.Release|x64.ActiveCfg = Release|Win32
		{F6FD7178-2386-356D-A463-567AB8EFA899}.RelWithDebInfo|Any CPU.ActiveCfg = RelWithDebInfo|Win32
		{F6FD7178-2386-356D-A463-567AB8EFA899}.RelWithDebInfo|Mixed Platforms.ActiveCfg = RelWithDebInfo|Win32
		{F6FD7178-2386-356D-A463-567AB8EFA899}.RelWithDebInfo|Mixed Platforms.Build.0 = RelWithDebInfo|Win32
		{F6FD7178-2386-356D-A463-567AB8EFA899}.RelWithDebInfo|Win32.ActiveCfg = RelWithDebInfo|Win32
		{F6FD7178-2386-356D-A463-567AB8EFA899}.RelWithDebInfo|Win32.Build.0 = RelWithDebInfo|Win32
		{F6FD7178-2386-356D-A463-567AB8EFA899}.RelWithDebInfo|x64.ActiveCfg = RelWithDebInfo|Win32
		{F6FD7178-2386-356D-A463-567AB8EFA899}.Template|Any CPU.ActiveCfg = RelWithDebInfo|Win32
		{F6FD7178-2386-356D-A463-567AB8EFA899}.Template|Any CPU.Build.0 = RelWithDebInfo|Win32
		{F6FD7178-2386-356D-A463-567AB8EFA899}.Template|Mixed Platforms.ActiveCfg = RelWithDebInfo|Win32
		{F6FD7178-2386-356D-A463-567AB8EFA899}.Template|Mixed Platforms.Build.0 = RelWithDebInfo|Win32
		{F6FD7178-2386-356D-A463-567AB8EFA899}.Template|Win32.ActiveCfg = RelWithDebInfo|Win32
		{F6FD7178-2386-356D-A463-567AB8EFA899}.Template|Win32.Build.0 = RelWithDebInfo|Win32
		{F6FD7178-2386-356D-A463-567AB8EFA899}.Template|x64.ActiveCfg = RelWithDebInfo|Win32
		{F6FD7178-2386-356D-A463-567AB8EFA899}.Template|x64.Build.0 = RelWithDebInfo|Win32
		{081BE9A5-099B-4515-82B7-F29A29E56099}.Debug|Any CPU.ActiveCfg = Debug|Any CPU
		{081BE9A5-099B-4515-82B7-F29A29E56099}.Debug|Any CPU.Build.0 = Debug|Any CPU
		{081BE9A5-099B-4515-82B7-F29A29E56099}.Debug|Mixed Platforms.ActiveCfg = Debug|Any CPU
		{081BE9A5-099B-4515-82B7-F29A29E56099}.Debug|Mixed Platforms.Build.0 = Debug|Any CPU
		{081BE9A5-099B-4515-82B7-F29A29E56099}.Debug|Win32.ActiveCfg = Debug|Any CPU
		{081BE9A5-099B-4515-82B7-F29A29E56099}.Debug|Win32.Build.0 = Debug|Any CPU
		{081BE9A5-099B-4515-82B7-F29A29E56099}.Debug|x64.ActiveCfg = Debug|Any CPU
		{081BE9A5-099B-4515-82B7-F29A29E56099}.Debug|x64.Build.0 = Debug|Any CPU
		{081BE9A5-099B-4515-82B7-F29A29E56099}.DebugOwn|Any CPU.ActiveCfg = Debug|Any CPU
		{081BE9A5-099B-4515-82B7-F29A29E56099}.DebugOwn|Any CPU.Build.0 = Debug|Any CPU
		{081BE9A5-099B-4515-82B7-F29A29E56099}.DebugOwn|Mixed Platforms.ActiveCfg = Debug|Any CPU
		{081BE9A5-099B-4515-82B7-F29A29E56099}.DebugOwn|Mixed Platforms.Build.0 = Debug|Any CPU
		{081BE9A5-099B-4515-82B7-F29A29E56099}.DebugOwn|Win32.ActiveCfg = Debug|Any CPU
		{081BE9A5-099B-4515-82B7-F29A29E56099}.DebugOwn|Win32.Build.0 = Debug|Any CPU
		{081BE9A5-099B-4515-82B7-F29A29E56099}.DebugOwn|x64.ActiveCfg = Debug|Any CPU
		{081BE9A5-099B-4515-82B7-F29A29E56099}.DebugOwn|x64.Build.0 = Debug|Any CPU
		{081BE9A5-099B-4515-82B7-F29A29E56099}.DLL-Import Debug|Any CPU.ActiveCfg = Debug|Any CPU
		{081BE9A5-099B-4515-82B7-F29A29E56099}.DLL-Import Debug|Any CPU.Build.0 = Debug|Any CPU
		{081BE9A5-099B-4515-82B7-F29A29E56099}.DLL-Import Debug|Mixed Platforms.ActiveCfg = Debug|Any CPU
		{081BE9A5-099B-4515-82B7-F29A29E56099}.DLL-Import Debug|Mixed Platforms.Build.0 = Debug|Any CPU
		{081BE9A5-099B-4515-82B7-F29A29E56099}.DLL-Import Debug|Win32.ActiveCfg = Debug|Any CPU
		{081BE9A5-099B-4515-82B7-F29A29E56099}.DLL-Import Debug|Win32.Build.0 = Debug|Any CPU
		{081BE9A5-099B-4515-82B7-F29A29E56099}.DLL-Import Debug|x64.ActiveCfg = Debug|Any CPU
		{081BE9A5-099B-4515-82B7-F29A29E56099}.DLL-Import Debug|x64.Build.0 = Debug|Any CPU
		{081BE9A5-099B-4515-82B7-F29A29E56099}.DLL-Import Release|Any CPU.ActiveCfg = Release|Any CPU
		{081BE9A5-099B-4515-82B7-F29A29E56099}.DLL-Import Release|Any CPU.Build.0 = Release|Any CPU
		{081BE9A5-099B-4515-82B7-F29A29E56099}.DLL-Import Release|Mixed Platforms.ActiveCfg = Release|Any CPU
		{081BE9A5-099B-4515-82B7-F29A29E56099}.DLL-Import Release|Mixed Platforms.Build.0 = Release|Any CPU
		{081BE9A5-099B-4515-82B7-F29A29E56099}.DLL-Import Release|Win32.ActiveCfg = Release|Any CPU
		{081BE9A5-099B-4515-82B7-F29A29E56099}.DLL-Import Release|Win32.Build.0 = Release|Any CPU
		{081BE9A5-099B-4515-82B7-F29A29E56099}.DLL-Import Release|x64.ActiveCfg = Release|Any CPU
		{081BE9A5-099B-4515-82B7-F29A29E56099}.DLL-Import Release|x64.Build.0 = Release|Any CPU
		{081BE9A5-099B-4515-82B7-F29A29E56099}.MinSizeRel|Any CPU.ActiveCfg = Release|Any CPU
		{081BE9A5-099B-4515-82B7-F29A29E56099}.MinSizeRel|Any CPU.Build.0 = Release|Any CPU
		{081BE9A5-099B-4515-82B7-F29A29E56099}.MinSizeRel|Mixed Platforms.ActiveCfg = Release|Any CPU
		{081BE9A5-099B-4515-82B7-F29A29E56099}.MinSizeRel|Mixed Platforms.Build.0 = Release|Any CPU
		{081BE9A5-099B-4515-82B7-F29A29E56099}.MinSizeRel|Win32.ActiveCfg = Release|Any CPU
		{081BE9A5-099B-4515-82B7-F29A29E56099}.MinSizeRel|Win32.Build.0 = Release|Any CPU
		{081BE9A5-099B-4515-82B7-F29A29E56099}.MinSizeRel|x64.ActiveCfg = Release|Any CPU
		{081BE9A5-099B-4515-82B7-F29A29E56099}.MinSizeRel|x64.Build.0 = Release|Any CPU
		{081BE9A5-099B-4515-82B7-F29A29E56099}.Release|Any CPU.ActiveCfg = Release|Any CPU
		{081BE9A5-099B-4515-82B7-F29A29E56099}.Release|Any CPU.Build.0 = Release|Any CPU
		{081BE9A5-099B-4515-82B7-F29A29E56099}.Release|Mixed Platforms.ActiveCfg = Release|Any CPU
		{081BE9A5-099B-4515-82B7-F29A29E56099}.Release|Mixed Platforms.Build.0 = Release|Any CPU
		{081BE9A5-099B-4515-82B7-F29A29E56099}.Release|Win32.ActiveCfg = Release|Any CPU
		{081BE9A5-099B-4515-82B7-F29A29E56099}.Release|Win32.Build.0 = Release|Any CPU
		{081BE9A5-099B-4515-82B7-F29A29E56099}.Release|x64.ActiveCfg = Release|Any CPU
		{081BE9A5-099B-4515-82B7-F29A29E56099}.Release|x64.Build.0 = Release|Any CPU
		{081BE9A5-099B-4515-82B7-F29A29E56099}.RelWithDebInfo|Any CPU.ActiveCfg = Release|Any CPU
		{081BE9A5-099B-4515-82B7-F29A29E56099}.RelWithDebInfo|Any CPU.Build.0 = Release|Any CPU
		{081BE9A5-099B-4515-82B7-F29A29E56099}.RelWithDebInfo|Mixed Platforms.ActiveCfg = Release|Any CPU
		{081BE9A5-099B-4515-82B7-F29A29E56099}.RelWithDebInfo|Mixed Platforms.Build.0 = Release|Any CPU
		{081BE9A5-099B-4515-82B7-F29A29E56099}.RelWithDebInfo|Win32.ActiveCfg = Release|Any CPU
		{081BE9A5-099B-4515-82B7-F29A29E56099}.RelWithDebInfo|Win32.Build.0 = Release|Any CPU
		{081BE9A5-099B-4515-82B7-F29A29E56099}.RelWithDebInfo|x64.ActiveCfg = Release|Any CPU
		{081BE9A5-099B-4515-82B7-F29A29E56099}.RelWithDebInfo|x64.Build.0 = Release|Any CPU
		{081BE9A5-099B-4515-82B7-F29A29E56099}.Template|Any CPU.ActiveCfg = Release|Any CPU
		{081BE9A5-099B-4515-82B7-F29A29E56099}.Template|Any CPU.Build.0 = Release|Any CPU
		{081BE9A5-099B-4515-82B7-F29A29E56099}.Template|Mixed Platforms.ActiveCfg = Release|Any CPU
		{081BE9A5-099B-4515-82B7-F29A29E56099}.Template|Mixed Platforms.Build.0 = Release|Any CPU
		{081BE9A5-099B-4515-82B7-F29A29E56099}.Template|Win32.ActiveCfg = Release|Any CPU
		{081BE9A5-099B-4515-82B7-F29A29E56099}.Template|Win32.Build.0 = Release|Any CPU
		{081BE9A5-099B-4515-82B7-F29A29E56099}.Template|x64.ActiveCfg = Release|Any CPU
		{081BE9A5-099B-4515-82B7-F29A29E56099}.Template|x64.Build.0 = Release|Any CPU
	EndGlobalSection
	GlobalSection(SolutionProperties) = preSolution
		HideSolutionNode = FALSE
	EndGlobalSection
	GlobalSection(NestedProjects) = preSolution
		{411AC1D4-3BA6-4193-9A6E-C9793B276501} = {ED1D76E8-43E0-464C-8AC4-167E91DE0357}
		{A4C046B2-67A6-4AC6-B319-45352C0E731A} = {ED1D76E8-43E0-464C-8AC4-167E91DE0357}
		{93587070-828A-42CE-A002-CCCE305FC578} = {750AB4D8-72B3-4F3A-8201-317B021C3387}
		{437EA8E6-2E07-4FF4-A940-C3B5E86BAF8F} = {750AB4D8-72B3-4F3A-8201-317B021C3387}
		{2123038C-C8BC-4230-9AFE-7A917CD5D1AF} = {750AB4D8-72B3-4F3A-8201-317B021C3387}
		{DF2519D4-6776-46E7-A7B4-7526C0C257E6} = {32E8DADB-8EC9-4B50-A8F1-FEE697BA5EC3}
		{C39F4B46-6E89-4074-902E-CA57073044D2} = {DF2519D4-6776-46E7-A7B4-7526C0C257E6}
		{6A0F1045-9A39-478E-A710-D9215B313092} = {32E8DADB-8EC9-4B50-A8F1-FEE697BA5EC3}
		{F6FD7178-2386-356D-A463-567AB8EFA899} = {6A0F1045-9A39-478E-A710-D9215B313092}
		{7CE66269-F66D-4CAA-952B-7CC32CF8EB02} = {32E8DADB-8EC9-4B50-A8F1-FEE697BA5EC3}
		{081BE9A5-099B-4515-82B7-F29A29E56099} = {750AB4D8-72B3-4F3A-8201-317B021C3387}
	EndGlobalSection
	GlobalSection(ExtensibilityGlobals) = postSolution
		SolutionGuid = {1105F349-60D6-386C-9820-816974A88596}
	EndGlobalSection
EndGlobal
