<?xml version="1.0" encoding="utf-8"?>
<Project ToolsVersion="4.0" xmlns="http://schemas.microsoft.com/developer/msbuild/2003">
  <ItemGroup>
    <Filter Include="Source Files">
      <UniqueIdentifier>{4FC737F1-C7A5-4376-A066-2A32D752A2FF}</UniqueIdentifier>
      <Extensions>cpp;c;cc;cxx;def;odl;idl;hpj;bat;asm;asmx</Extensions>
    </Filter>
    <Filter Include="Header Files">
      <UniqueIdentifier>{93995380-89BD-4b04-88EB-625FBE52EBFB}</UniqueIdentifier>
      <Extensions>h;hpp;hxx;hm;inl;inc;xsd</Extensions>
    </Filter>
    <Filter Include="Resource Files">
      <UniqueIdentifier>{67DA6AB6-F800-4c08-8B7A-83BB121AAD01}</UniqueIdentifier>
      <Extensions>rc;ico;cur;bmp;dlg;rc2;rct;bin;rgs;gif;jpg;jpeg;jpe;resx;tiff;tif;png;wav;mfcribbon-ms</Extensions>
    </Filter>
    <Filter Include="Source Files\SQLite">
      <UniqueIdentifier>{c9c600e5-f6d1-4b79-bc21-aece030316e2}</UniqueIdentifier>
    </Filter>
    <Filter Include="Source Files\UDPWrapper">
      <UniqueIdentifier>{151c6663-200d-475e-bd2d-aeb8a8073985}</UniqueIdentifier>
    </Filter>
  </ItemGroup>
  <ItemGroup>
    <ClCompile Include="Main.cpp">
      <Filter>Source Files</Filter>
    </ClCompile>
    <ClCompile Include="CNetworkManager.cpp">
      <Filter>Source Files</Filter>
    </ClCompile>
    <ClCompile Include="CCore.cpp">
      <Filter>Source Files</Filter>
    </ClCompile>
    <ClCompile Include="CTickManager.cpp">
      <Filter>Source Files</Filter>
    </ClCompile>
    <ClCompile Include="CPlayer.cpp">
      <Filter>Source Files</Filter>
    </ClCompile>
    <ClCompile Include="CPlayerPool.cpp">
      <Filter>Source Files</Filter>
    </ClCompile>
    <ClCompile Include="CEntity.cpp">
      <Filter>Source Files</Filter>
    </ClCompile>
    <ClCompile Include="CVehicle.cpp">
      <Filter>Source Files</Filter>
    </ClCompile>
    <ClCompile Include="CVehiclePool.cpp">
      <Filter>Source Files</Filter>
    </ClCompile>
    <ClCompile Include="sq_utils.cpp">
      <Filter>Source Files</Filter>
    </ClCompile>
    <ClCompile Include="sq_functions.cpp">
      <Filter>Source Files</Filter>
    </ClCompile>
    <ClCompile Include="sq_funcdef.cpp">
      <Filter>Source Files</Filter>
    </ClCompile>
    <ClCompile Include="CScript.cpp">
      <Filter>Source Files</Filter>
    </ClCompile>
    <ClCompile Include="CScripts.cpp">
      <Filter>Source Files</Filter>
    </ClCompile>
    <ClCompile Include="squirrelheads.cpp">
      <Filter>Source Files</Filter>
    </ClCompile>
    <ClCompile Include="CConfig.cpp">
      <Filter>Source Files</Filter>
    </ClCompile>
    <ClCompile Include="CConsole.cpp">
      <Filter>Source Files</Filter>
    </ClCompile>
    <ClCompile Include="CGameMode.cpp">
      <Filter>Source Files</Filter>
    </ClCompile>
    <ClCompile Include="CTimer.cpp">
      <Filter>Source Files</Filter>
    </ClCompile>
    <ClCompile Include="CTimerPool.cpp">
      <Filter>Source Files</Filter>
    </ClCompile>
    <ClCompile Include="CDoorPool.cpp">
      <Filter>Source Files</Filter>
    </ClCompile>
    <ClCompile Include="CLog.cpp">
      <Filter>Source Files</Filter>
    </ClCompile>
    <ClCompile Include="CPickup.cpp">
      <Filter>Source Files</Filter>
    </ClCompile>
    <ClCompile Include="CPickupPool.cpp">
      <Filter>Source Files</Filter>
    </ClCompile>
    <ClCompile Include="CFileTransfer.cpp">
      <Filter>Source Files</Filter>
    </ClCompile>
    <ClCompile Include="CBanSystem.cpp">
      <Filter>Source Files</Filter>
    </ClCompile>
    <ClCompile Include="CQueryServer.cpp">
      <Filter>Source Files</Filter>
    </ClCompile>
    <ClCompile Include="CMasterServer.cpp">
      <Filter>Source Files</Filter>
    </ClCompile>
    <ClCompile Include="..\sdks\sqlite\sqlite3.c">
      <Filter>Source Files\SQLite</Filter>
    </ClCompile>
    <ClCompile Include="..\sdks\md5\md5lhmp.cpp">
      <Filter>Source Files</Filter>
    </ClCompile>
    <ClCompile Include="..\sdks\UDPWrapper\UDPWrapper.cpp">
      <Filter>Source Files\UDPWrapper</Filter>
    </ClCompile>
  </ItemGroup>
  <ItemGroup>
    <ClInclude Include="CNetworkManager.h">
      <Filter>Header Files</Filter>
    </ClInclude>
    <ClInclude Include="CCore.h">
      <Filter>Header Files</Filter>
    </ClInclude>
    <ClInclude Include="CTickManager.h">
      <Filter>Header Files</Filter>
    </ClInclude>
    <ClInclude Include="CPlayer.h">
      <Filter>Header Files</Filter>
    </ClInclude>
    <ClInclude Include="CPlayerPool.h">
      <Filter>Header Files</Filter>
    </ClInclude>
    <ClInclude Include="CEntity.h">
      <Filter>Header Files</Filter>
    </ClInclude>
    <ClInclude Include="CVehicle.h">
      <Filter>Header Files</Filter>
    </ClInclude>
    <ClInclude Include="CVehiclePool.h">
      <Filter>Header Files</Filter>
    </ClInclude>
    <ClInclude Include="sq_utils.h">
      <Filter>Header Files</Filter>
    </ClInclude>
    <ClInclude Include="sq_functions.h">
      <Filter>Header Files</Filter>
    </ClInclude>
    <ClInclude Include="sq_funcdef.h">
      <Filter>Header Files</Filter>
    </ClInclude>
    <ClInclude Include="CScripts.h">
      <Filter>Header Files</Filter>
    </ClInclude>
    <ClInclude Include="CScript.h">
      <Filter>Header Files</Filter>
    </ClInclude>
    <ClInclude Include="squirrelheads.h">
      <Filter>Header Files</Filter>
    </ClInclude>
    <ClInclude Include="CConfig.h">
      <Filter>Header Files</Filter>
    </ClInclude>
    <ClInclude Include="CConsole.h">
      <Filter>Header Files</Filter>
    </ClInclude>
    <ClInclude Include="CGameMode.h">
      <Filter>Header Files</Filter>
    </ClInclude>
    <ClInclude Include="CTimer.h">
      <Filter>Header Files</Filter>
    </ClInclude>
    <ClInclude Include="CTimerPool.h">
      <Filter>Header Files</Filter>
    </ClInclude>
    <ClInclude Include="CDoorPool.h">
      <Filter>Header Files</Filter>
    </ClInclude>
    <ClInclude Include="sq_SQlite.h">
      <Filter>Header Files</Filter>
    </ClInclude>
    <ClInclude Include="CLog.h">
      <Filter>Header Files</Filter>
    </ClInclude>
    <ClInclude Include="CPickup.h">
      <Filter>Header Files</Filter>
    </ClInclude>
    <ClInclude Include="CPickupPool.h">
      <Filter>Header Files</Filter>
    </ClInclude>
    <ClInclude Include="CFileTransfer.h">
      <Filter>Header Files</Filter>
    </ClInclude>
    <ClInclude Include="CBanSystem.h">
      <Filter>Header Files</Filter>
    </ClInclude>
    <ClInclude Include="CQueryServer.h">
      <Filter>Header Files</Filter>
    </ClInclude>
    <ClInclude Include="CMasterServer.h">
      <Filter>Header Files</Filter>
    </ClInclude>
    <ClInclude Include="..\sdks\md5\md5lhmp.h">
      <Filter>Header Files</Filter>
    </ClInclude>
  </ItemGroup>
</Project>